Microsoft Visual Studio Solution File, Format Version 11.00
# Visual Studio 2008

Project("{9E2824E7-7F55-05EF-2D04-3CC70861A233}") = "-Unity-InnCubeHotel", "Assembly-CSharp.csproj", "{58B30014-C21B-D3F8-6724-A2B6D3ACF066}"
EndProject
Project("{9E2824E7-7F55-05EF-2D04-3CC70861A233}") = "-Unity-InnCubeHotel", "Assembly-CSharp-Editor.csproj", "{7BDEE5B4-7238-1E8C-4151-34D738DEAE62}"
EndProject
Global
	GlobalSection(SolutionConfigurationPlatforms) = preSolution
		Debug|Any CPU = Debug|Any CPU
		Release|Any CPU = Release|Any CPU
	EndGlobalSection
	GlobalSection(ProjectConfigurationPlatforms) = postSolution
		{58B30014-C21B-D3F8-6724-A2B6D3ACF066}.Debug|Any CPU.ActiveCfg = Debug|Any CPU
		{58B30014-C21B-D3F8-6724-A2B6D3ACF066}.Debug|Any CPU.Build.0 = Debug|Any CPU
		{58B30014-C21B-D3F8-6724-A2B6D3ACF066}.Release|Any CPU.ActiveCfg = Release|Any CPU
		{58B30014-C21B-D3F8-6724-A2B6D3ACF066}.Release|Any CPU.Build.0 = Release|Any CPU
		{7BDEE5B4-7238-1E8C-4151-34D738DEAE62}.Debug|Any CPU.ActiveCfg = Debug|Any CPU
		{7BDEE5B4-7238-1E8C-4151-34D738DEAE62}.Debug|Any CPU.Build.0 = Debug|Any CPU
		{7BDEE5B4-7238-1E8C-4151-34D738DEAE62}.Release|Any CPU.ActiveCfg = Release|Any CPU
		{7BDEE5B4-7238-1E8C-4151-34D738DEAE62}.Release|Any CPU.Build.0 = Release|Any CPU
	EndGlobalSection
	GlobalSection(SolutionProperties) = preSolution
		HideSolutionNode = FALSE
	EndGlobalSection
	GlobalSection(MonoDevelopProperties) = preSolution
		StartupItem = Assembly-CSharp.csproj
	EndGlobalSection
EndGlobal
