
Microsoft Visual Studio Solution File, Format Version 12.00
# Visual Studio 2015
Project("{FAE04EC0-301F-11D3-BF4B-00C04F79EFBC}") = "InnCube.CSharp", "InnCube.CSharp.csproj", "{0038BC7B-BCAC-96F0-44F0-D7B894EAF0EE}"
EndProject
Project("{FAE04EC0-301F-11D3-BF4B-00C04F79EFBC}") = "InnCube.CSharp.Editor", "InnCube.CSharp.Editor.csproj", "{7F749556-FCEF-9288-D80E-C923AD4BE45D}"
EndProject
Global
	GlobalSection(SolutionConfigurationPlatforms) = preSolution
		Debug|Any CPU = Debug|Any CPU
		Release|Any CPU = Release|Any CPU
	EndGlobalSection
	GlobalSection(ProjectConfigurationPlatforms) = postSolution
		{0038BC7B-BCAC-96F0-44F0-D7B894EAF0EE}.Debug|Any CPU.ActiveCfg = Debug|Any CPU
		{0038BC7B-BCAC-96F0-44F0-D7B894EAF0EE}.Debug|Any CPU.Build.0 = Debug|Any CPU
		{0038BC7B-BCAC-96F0-44F0-D7B894EAF0EE}.Release|Any CPU.ActiveCfg = Release|Any CPU
		{0038BC7B-BCAC-96F0-44F0-D7B894EAF0EE}.Release|Any CPU.Build.0 = Release|Any CPU
		{7F749556-FCEF-9288-D80E-C923AD4BE45D}.Debug|Any CPU.ActiveCfg = Debug|Any CPU
		{7F749556-FCEF-9288-D80E-C923AD4BE45D}.Debug|Any CPU.Build.0 = Debug|Any CPU
		{7F749556-FCEF-9288-D80E-C923AD4BE45D}.Release|Any CPU.ActiveCfg = Release|Any CPU
		{7F749556-FCEF-9288-D80E-C923AD4BE45D}.Release|Any CPU.Build.0 = Release|Any CPU
	EndGlobalSection
	GlobalSection(SolutionProperties) = preSolution
		HideSolutionNode = FALSE
	EndGlobalSection
EndGlobal
